
Microsoft Visual Studio Solution File, Format Version 12.00
# Visual Studio Version 17
VisualStudioVersion = 17.5.33502.453
MinimumVisualStudioVersion = 10.0.40219.1
Project("{FAE04EC0-301F-11D3-BF4B-00C04F79EFBC}") = "StackOverflow.Web", "Applications\StackOverflow.Web\StackOverflow.Web.csproj", "{0BB0396C-4463-40FF-BDD2-0996492F4D28}"
EndProject
Project("{2150E333-8FDC-42A3-9474-1A3956D46DE8}") = "Applications", "Applications", "{1C386541-F864-4EDA-B9D8-EEAA83774813}"
EndProject
Project("{2150E333-8FDC-42A3-9474-1A3956D46DE8}") = "Libraries", "Libraries", "{8910212D-3701-4183-925F-7611B1FE6F14}"
EndProject
Project("{FAE04EC0-301F-11D3-BF4B-00C04F79EFBC}") = "StackOverflow.DAL", "Libraries\StackOverflow.DAL\StackOverflow.DAL.csproj", "{7902AD69-E58C-4463-A511-907C44201391}"
EndProject
Project("{FAE04EC0-301F-11D3-BF4B-00C04F79EFBC}") = "StackOverflow.Services", "Libraries\StackOverflow.Services\StackOverflow.Services.csproj", "{87D413E5-5F60-4B77-B915-099380B601BE}"
EndProject
Global
	GlobalSection(SolutionConfigurationPlatforms) = preSolution
		Debug|Any CPU = Debug|Any CPU
		Release|Any CPU = Release|Any CPU
	EndGlobalSection
	GlobalSection(ProjectConfigurationPlatforms) = postSolution
		{0BB0396C-4463-40FF-BDD2-0996492F4D28}.Debug|Any CPU.ActiveCfg = Debug|Any CPU
		{0BB0396C-4463-40FF-BDD2-0996492F4D28}.Debug|Any CPU.Build.0 = Debug|Any CPU
		{0BB0396C-4463-40FF-BDD2-0996492F4D28}.Release|Any CPU.ActiveCfg = Release|Any CPU
		{0BB0396C-4463-40FF-BDD2-0996492F4D28}.Release|Any CPU.Build.0 = Release|Any CPU
		{7902AD69-E58C-4463-A511-907C44201391}.Debug|Any CPU.ActiveCfg = Debug|Any CPU
		{7902AD69-E58C-4463-A511-907C44201391}.Debug|Any CPU.Build.0 = Debug|Any CPU
		{7902AD69-E58C-4463-A511-907C44201391}.Release|Any CPU.ActiveCfg = Release|Any CPU
		{7902AD69-E58C-4463-A511-907C44201391}.Release|Any CPU.Build.0 = Release|Any CPU
		{87D413E5-5F60-4B77-B915-099380B601BE}.Debug|Any CPU.ActiveCfg = Debug|Any CPU
		{87D413E5-5F60-4B77-B915-099380B601BE}.Debug|Any CPU.Build.0 = Debug|Any CPU
		{87D413E5-5F60-4B77-B915-099380B601BE}.Release|Any CPU.ActiveCfg = Release|Any CPU
		{87D413E5-5F60-4B77-B915-099380B601BE}.Release|Any CPU.Build.0 = Release|Any CPU
	EndGlobalSection
	GlobalSection(SolutionProperties) = preSolution
		HideSolutionNode = FALSE
	EndGlobalSection
	GlobalSection(NestedProjects) = preSolution
		{0BB0396C-4463-40FF-BDD2-0996492F4D28} = {1C386541-F864-4EDA-B9D8-EEAA83774813}
		{7902AD69-E58C-4463-A511-907C44201391} = {8910212D-3701-4183-925F-7611B1FE6F14}
		{87D413E5-5F60-4B77-B915-099380B601BE} = {8910212D-3701-4183-925F-7611B1FE6F14}
	EndGlobalSection
	GlobalSection(ExtensibilityGlobals) = postSolution
		SolutionGuid = {B26D37CA-A05D-4B17-A749-500268A02D7F}
	EndGlobalSection
EndGlobal
